
Microsoft Visual Studio Solution File, Format Version 12.00
# Visual Studio Version 17
VisualStudioVersion = 17.2.32616.157
MinimumVisualStudioVersion = 10.0.40219.1
Project("{FAE04EC0-301F-11D3-BF4B-00C04F79EFBC}") = "CustomDependencyInjectionContainer", "CustomDependencyInjectionContainer\CustomDependencyInjectionContainer.csproj", "{669DBEC3-6C76-4392-A865-C3C170777B22}"
EndProject
Global
	GlobalSection(SolutionConfigurationPlatforms) = preSolution
		Debug|Any CPU = Debug|Any CPU
		Release|Any CPU = Release|Any CPU
	EndGlobalSection
	GlobalSection(ProjectConfigurationPlatforms) = postSolution
		{669DBEC3-6C76-4392-A865-C3C170777B22}.Debug|Any CPU.ActiveCfg = Debug|Any CPU
		{669DBEC3-6C76-4392-A865-C3C170777B22}.Debug|Any CPU.Build.0 = Debug|Any CPU
		{669DBEC3-6C76-4392-A865-C3C170777B22}.Release|Any CPU.ActiveCfg = Release|Any CPU
		{669DBEC3-6C76-4392-A865-C3C170777B22}.Release|Any CPU.Build.0 = Release|Any CPU
	EndGlobalSection
	GlobalSection(SolutionProperties) = preSolution
		HideSolutionNode = FALSE
	EndGlobalSection
	GlobalSection(ExtensibilityGlobals) = postSolution
		SolutionGuid = {9CDF746C-A0A8-4224-8F42-FAD982B6AAC4}
	EndGlobalSection
EndGlobal
